<?xml version="1.0" encoding="utf-8"?>
<Project ToolsVersion="15.0" xmlns="http://schemas.microsoft.com/developer/msbuild/2003">
  <ItemGroup>
    <ClCompile Include="C:\repositories\oa\src\oalib\ak3.cpp">
      <Filter>Source Files</Filter>
    </ClCompile>
    <ClCompile Include="C:\repositories\oa\src\oalib\akconst.cpp">
      <Filter>Source Files</Filter>
    </ClCompile>
    <ClCompile Include="C:\repositories\oa\src\oalib\akn.cpp">
      <Filter>Source Files</Filter>
    </ClCompile>
    <ClCompile Include="C:\repositories\oa\src\oalib\construct.cpp">
      <Filter>Source Files</Filter>
    </ClCompile>
    <ClCompile Include="C:\repositories\oa\src\oalib\COrthogonalArray.cpp">
      <Filter>Source Files</Filter>
    </ClCompile>
    <ClCompile Include="C:\repositories\oa\src\oalib\GaloisField.cpp">
      <Filter>Source Files</Filter>
    </ClCompile>
    <ClCompile Include="C:\repositories\oa\src\oalib\oa.cpp">
      <Filter>Source Files</Filter>
    </ClCompile>
    <ClCompile Include="C:\repositories\oa\src\oalib\primes.cpp">
      <Filter>Source Files</Filter>
    </ClCompile>
    <ClCompile Include="C:\repositories\oa\src\oalib\runif.cpp">
      <Filter>Source Files</Filter>
    </ClCompile>
    <ClCompile Include="C:\repositories\oa\src\oalib\rutils.cpp">
      <Filter>Source Files</Filter>
    </ClCompile>
  </ItemGroup>
  <ItemGroup>
    <CustomBuild Include="C:\repositories\oa\src\oalib\CMakeLists.txt" />
  </ItemGroup>
  <ItemGroup>
    <Filter Include="Source Files">
      <UniqueIdentifier>{73216B37-D9D5-39F2-8F1A-1A7E2728C1BD}</UniqueIdentifier>
    </Filter>
  </ItemGroup>
</Project>
