
Microsoft Visual Studio Solution File, Format Version 11.00
# Visual Studio 2010
Project("{8BC9CEB8-8B4A-11D0-8D11-00A0C91BC942}") = "oalib", "oalib\oalib.vcxproj", "{9DAC5B5E-DF65-44B1-B9A0-8A5F48BA515F}"
EndProject
Project("{8BC9CEB8-8B4A-11D0-8D11-00A0C91BC942}") = "oa", "oa\oa.vcxproj", "{4E344C35-B070-44D3-B585-0AD42F1054D6}"
EndProject
Project("{8BC9CEB8-8B4A-11D0-8D11-00A0C91BC942}") = "oatest", "oatest\oatest.vcxproj", "{BF81CA1C-A330-43E6-ADF3-C82C640D4AD5}"
EndProject
Global
	GlobalSection(SolutionConfigurationPlatforms) = preSolution
		Debug|Win32 = Debug|Win32
		Release|Win32 = Release|Win32
	EndGlobalSection
	GlobalSection(ProjectConfigurationPlatforms) = postSolution
		{9DAC5B5E-DF65-44B1-B9A0-8A5F48BA515F}.Debug|Win32.ActiveCfg = Debug|Win32
		{9DAC5B5E-DF65-44B1-B9A0-8A5F48BA515F}.Debug|Win32.Build.0 = Debug|Win32
		{9DAC5B5E-DF65-44B1-B9A0-8A5F48BA515F}.Release|Win32.ActiveCfg = Release|Win32
		{9DAC5B5E-DF65-44B1-B9A0-8A5F48BA515F}.Release|Win32.Build.0 = Release|Win32
		{4E344C35-B070-44D3-B585-0AD42F1054D6}.Debug|Win32.ActiveCfg = Debug|Win32
		{4E344C35-B070-44D3-B585-0AD42F1054D6}.Debug|Win32.Build.0 = Debug|Win32
		{4E344C35-B070-44D3-B585-0AD42F1054D6}.Release|Win32.ActiveCfg = Release|Win32
		{4E344C35-B070-44D3-B585-0AD42F1054D6}.Release|Win32.Build.0 = Release|Win32
		{BF81CA1C-A330-43E6-ADF3-C82C640D4AD5}.Debug|Win32.ActiveCfg = Debug|Win32
		{BF81CA1C-A330-43E6-ADF3-C82C640D4AD5}.Debug|Win32.Build.0 = Debug|Win32
		{BF81CA1C-A330-43E6-ADF3-C82C640D4AD5}.Release|Win32.ActiveCfg = Release|Win32
		{BF81CA1C-A330-43E6-ADF3-C82C640D4AD5}.Release|Win32.Build.0 = Release|Win32
	EndGlobalSection
	GlobalSection(SolutionProperties) = preSolution
		HideSolutionNode = FALSE
	EndGlobalSection
EndGlobal
